// !$*UTF8*$!
{
	archiveVersion = 1;
	classes = {
	};
	objectVersion = 55;
	objects = {

/* Begin PBXBuildFile section */
		280141AB2937624200054430 /* main.swift in Sources */ = {isa = PBXBuildFile; fileRef = 280141AA2937624200054430 /* main.swift */; };
		280141C9293763B700054430 /* TamagotchiTest.swift in Sources */ = {isa = PBXBuildFile; fileRef = 280141C7293763B100054430 /* TamagotchiTest.swift */; };
		280141CB2937647C00054430 /* Tamagotchi.swift in Sources */ = {isa = PBXBuildFile; fileRef = 280141CA2937647C00054430 /* Tamagotchi.swift */; };
		280141CC293764DC00054430 /* Tamagotchi.swift in Sources */ = {isa = PBXBuildFile; fileRef = 280141CA2937647C00054430 /* Tamagotchi.swift */; };
/* End PBXBuildFile section */

/* Begin PBXCopyFilesBuildPhase section */
		280141A52937624200054430 /* CopyFiles */ = {
			isa = PBXCopyFilesBuildPhase;
			buildActionMask = 2147483647;
			dstPath = /usr/share/man/man1/;
			dstSubfolderSpec = 0;
			files = (
			);
			runOnlyForDeploymentPostprocessing = 1;
		};
/* End PBXCopyFilesBuildPhase section */

/* Begin PBXFileReference section */
		280141A72937624200054430 /* TamagotchiConsoleApp */ = {isa = PBXFileReference; explicitFileType = "compiled.mach-o.executable"; includeInIndex = 0; path = TamagotchiConsoleApp; sourceTree = BUILT_PRODUCTS_DIR; };
		280141AA2937624200054430 /* main.swift */ = {isa = PBXFileReference; lastKnownFileType = sourcecode.swift; path = main.swift; sourceTree = "<group>"; };
		280141B5293762BC00054430 /* TamagotchiTest.xctest */ = {isa = PBXFileReference; explicitFileType = wrapper.cfbundle; includeInIndex = 0; path = TamagotchiTest.xctest; sourceTree = BUILT_PRODUCTS_DIR; };
		280141C02937633000054430 /* TamagotchiConsoleAppTests.xctest */ = {isa = PBXFileReference; explicitFileType = wrapper.cfbundle; includeInIndex = 0; path = TamagotchiConsoleAppTests.xctest; sourceTree = BUILT_PRODUCTS_DIR; };
		280141C7293763B100054430 /* TamagotchiTest.swift */ = {isa = PBXFileReference; lastKnownFileType = sourcecode.swift; path = TamagotchiTest.swift; sourceTree = "<group>"; };
		280141CA2937647C00054430 /* Tamagotchi.swift */ = {isa = PBXFileReference; lastKnownFileType = sourcecode.swift; path = Tamagotchi.swift; sourceTree = "<group>"; };
/* End PBXFileReference section */

/* Begin PBXFrameworksBuildPhase section */
		280141A42937624200054430 /* Frameworks */ = {
			isa = PBXFrameworksBuildPhase;
			buildActionMask = 2147483647;
			files = (
			);
			runOnlyForDeploymentPostprocessing = 0;
		};
		280141B2293762BC00054430 /* Frameworks */ = {
			isa = PBXFrameworksBuildPhase;
			buildActionMask = 2147483647;
			files = (
			);
			runOnlyForDeploymentPostprocessing = 0;
		};
		280141BD2937633000054430 /* Frameworks */ = {
			isa = PBXFrameworksBuildPhase;
			buildActionMask = 2147483647;
			files = (
			);
			runOnlyForDeploymentPostprocessing = 0;
		};
/* End PBXFrameworksBuildPhase section */

/* Begin PBXGroup section */
		2801419E2937624200054430 = {
			isa = PBXGroup;
			children = (
				280141A92937624200054430 /* TamagotchiConsoleApp */,
				280141C12937633000054430 /* TamagotchiConsoleAppTests */,
				280141A82937624200054430 /* Products */,
			);
			sourceTree = "<group>";
		};
		280141A82937624200054430 /* Products */ = {
			isa = PBXGroup;
			children = (
				280141A72937624200054430 /* TamagotchiConsoleApp */,
				280141B5293762BC00054430 /* TamagotchiTest.xctest */,
				280141C02937633000054430 /* TamagotchiConsoleAppTests.xctest */,
			);
			name = Products;
			sourceTree = "<group>";
		};
		280141A92937624200054430 /* TamagotchiConsoleApp */ = {
			isa = PBXGroup;
			children = (
				280141AA2937624200054430 /* main.swift */,
				280141CA2937647C00054430 /* Tamagotchi.swift */,
			);
			path = TamagotchiConsoleApp;
			sourceTree = "<group>";
		};
		280141C12937633000054430 /* TamagotchiConsoleAppTests */ = {
			isa = PBXGroup;
			children = (
				280141C7293763B100054430 /* TamagotchiTest.swift */,
			);
			path = TamagotchiConsoleAppTests;
			sourceTree = "<group>";
		};
/* End PBXGroup section */

/* Begin PBXNativeTarget section */
		280141A62937624200054430 /* TamagotchiConsoleApp */ = {
			isa = PBXNativeTarget;
			buildConfigurationList = 280141AE2937624200054430 /* Build configuration list for PBXNativeTarget "TamagotchiConsoleApp" */;
			buildPhases = (
				280141A32937624200054430 /* Sources */,
				280141A42937624200054430 /* Frameworks */,
				280141A52937624200054430 /* CopyFiles */,
			);
			buildRules = (
			);
			dependencies = (
			);
			name = TamagotchiConsoleApp;
			productName = TamagotchiConsoleApp;
			productReference = 280141A72937624200054430 /* TamagotchiConsoleApp */;
			productType = "com.apple.product-type.tool";
		};
		280141B4293762BC00054430 /* TamagotchiTest */ = {
			isa = PBXNativeTarget;
			buildConfigurationList = 280141B9293762BC00054430 /* Build configuration list for PBXNativeTarget "TamagotchiTest" */;
			buildPhases = (
				280141B1293762BC00054430 /* Sources */,
				280141B2293762BC00054430 /* Frameworks */,
				280141B3293762BC00054430 /* Resources */,
			);
			buildRules = (
			);
			dependencies = (
			);
			name = TamagotchiTest;
			productName = TamagotchiTest;
			productReference = 280141B5293762BC00054430 /* TamagotchiTest.xctest */;
			productType = "com.apple.product-type.bundle.unit-test";
		};
		280141BF2937633000054430 /* TamagotchiConsoleAppTests */ = {
			isa = PBXNativeTarget;
			buildConfigurationList = 280141C42937633000054430 /* Build configuration list for PBXNativeTarget "TamagotchiConsoleAppTests" */;
			buildPhases = (
				280141BC2937633000054430 /* Sources */,
				280141BD2937633000054430 /* Frameworks */,
				280141BE2937633000054430 /* Resources */,
			);
			buildRules = (
			);
			dependencies = (
			);
			name = TamagotchiConsoleAppTests;
			productName = TamagotchiConsoleAppTests;
			productReference = 280141C02937633000054430 /* TamagotchiConsoleAppTests.xctest */;
			productType = "com.apple.product-type.bundle.unit-test";
		};
/* End PBXNativeTarget section */

/* Begin PBXProject section */
		2801419F2937624200054430 /* Project object */ = {
			isa = PBXProject;
			attributes = {
				BuildIndependentTargetsInParallel = 1;
				LastSwiftUpdateCheck = 1320;
				LastUpgradeCheck = 1320;
				TargetAttributes = {
					280141A62937624200054430 = {
						CreatedOnToolsVersion = 13.2.1;
					};
					280141B4293762BC00054430 = {
						CreatedOnToolsVersion = 13.2.1;
						LastSwiftMigration = 1320;
					};
					280141BF2937633000054430 = {
						CreatedOnToolsVersion = 13.2.1;
					};
				};
			};
			buildConfigurationList = 280141A22937624200054430 /* Build configuration list for PBXProject "TamagotchiConsoleApp" */;
			compatibilityVersion = "Xcode 13.0";
			developmentRegion = en;
			hasScannedForEncodings = 0;
			knownRegions = (
				en,
				Base,
			);
			mainGroup = 2801419E2937624200054430;
			productRefGroup = 280141A82937624200054430 /* Products */;
			projectDirPath = "";
			projectRoot = "";
			targets = (
				280141A62937624200054430 /* TamagotchiConsoleApp */,
				280141B4293762BC00054430 /* TamagotchiTest */,
				280141BF2937633000054430 /* TamagotchiConsoleAppTests */,
			);
		};
/* End PBXProject section */

/* Begin PBXResourcesBuildPhase section */
		280141B3293762BC00054430 /* Resources */ = {
			isa = PBXResourcesBuildPhase;
			buildActionMask = 2147483647;
			files = (
			);
			runOnlyForDeploymentPostprocessing = 0;
		};
		280141BE2937633000054430 /* Resources */ = {
			isa = PBXResourcesBuildPhase;
			buildActionMask = 2147483647;
			files = (
			);
			runOnlyForDeploymentPostprocessing = 0;
		};
/* End PBXResourcesBuildPhase section */

/* Begin PBXSourcesBuildPhase section */
		280141A32937624200054430 /* Sources */ = {
			isa = PBXSourcesBuildPhase;
			buildActionMask = 2147483647;
			files = (
				280141CB2937647C00054430 /* Tamagotchi.swift in Sources */,
				280141AB2937624200054430 /* main.swift in Sources */,
			);
			runOnlyForDeploymentPostprocessing = 0;
		};
		280141B1293762BC00054430 /* Sources */ = {
			isa = PBXSourcesBuildPhase;
			buildActionMask = 2147483647;
			files = (
			);
			runOnlyForDeploymentPostprocessing = 0;
		};
		280141BC2937633000054430 /* Sources */ = {
			isa = PBXSourcesBuildPhase;
			buildActionMask = 2147483647;
			files = (
				280141CC293764DC00054430 /* Tamagotchi.swift in Sources */,
				280141C9293763B700054430 /* TamagotchiTest.swift in Sources */,
			);
			runOnlyForDeploymentPostprocessing = 0;
		};
/* End PBXSourcesBuildPhase section */

/* Begin XCBuildConfiguration section */
		280141AC2937624200054430 /* Debug */ = {
			isa = XCBuildConfiguration;
			buildSettings = {
				ALWAYS_SEARCH_USER_PATHS = NO;
				CLANG_ANALYZER_NONNULL = YES;
				CLANG_ANALYZER_NUMBER_OBJECT_CONVERSION = YES_AGGRESSIVE;
				CLANG_CXX_LANGUAGE_STANDARD = "gnu++17";
				CLANG_CXX_LIBRARY = "libc++";
				CLANG_ENABLE_MODULES = YES;
				CLANG_ENABLE_OBJC_ARC = YES;
				CLANG_ENABLE_OBJC_WEAK = YES;
				CLANG_WARN_BLOCK_CAPTURE_AUTORELEASING = YES;
				CLANG_WARN_BOOL_CONVERSION = YES;
				CLANG_WARN_COMMA = YES;
				CLANG_WARN_CONSTANT_CONVERSION = YES;
				CLANG_WARN_DEPRECATED_OBJC_IMPLEMENTATIONS = YES;
				CLANG_WARN_DIRECT_OBJC_ISA_USAGE = YES_ERROR;
				CLANG_WARN_DOCUMENTATION_COMMENTS = YES;
				CLANG_WARN_EMPTY_BODY = YES;
				CLANG_WARN_ENUM_CONVERSION = YES;
				CLANG_WARN_INFINITE_RECURSION = YES;
				CLANG_WARN_INT_CONVERSION = YES;
				CLANG_WARN_NON_LITERAL_NULL_CONVERSION = YES;
				CLANG_WARN_OBJC_IMPLICIT_RETAIN_SELF = YES;
				CLANG_WARN_OBJC_LITERAL_CONVERSION = YES;
				CLANG_WARN_OBJC_ROOT_CLASS = YES_ERROR;
				CLANG_WARN_QUOTED_INCLUDE_IN_FRAMEWORK_HEADER = YES;
				CLANG_WARN_RANGE_LOOP_ANALYSIS = YES;
				CLANG_WARN_STRICT_PROTOTYPES = YES;
				CLANG_WARN_SUSPICIOUS_MOVE = YES;
				CLANG_WARN_UNGUARDED_AVAILABILITY = YES_AGGRESSIVE;
				CLANG_WARN_UNREACHABLE_CODE = YES;
				CLANG_WARN__DUPLICATE_METHOD_MATCH = YES;
				COPY_PHASE_STRIP = NO;
				DEBUG_INFORMATION_FORMAT = dwarf;
				ENABLE_STRICT_OBJC_MSGSEND = YES;
				ENABLE_TESTABILITY = YES;
				GCC_C_LANGUAGE_STANDARD = gnu11;
				GCC_DYNAMIC_NO_PIC = NO;
				GCC_NO_COMMON_BLOCKS = YES;
				GCC_OPTIMIZATION_LEVEL = 0;
				GCC_PREPROCESSOR_DEFINITIONS = (
					"DEBUG=1",
					"$(inherited)",
				);
				GCC_WARN_64_TO_32_BIT_CONVERSION = YES;
				GCC_WARN_ABOUT_RETURN_TYPE = YES_ERROR;
				GCC_WARN_UNDECLARED_SELECTOR = YES;
				GCC_WARN_UNINITIALIZED_AUTOS = YES_AGGRESSIVE;
				GCC_WARN_UNUSED_FUNCTION = YES;
				GCC_WARN_UNUSED_VARIABLE = YES;
				MACOSX_DEPLOYMENT_TARGET = 11.6;
				MTL_ENABLE_DEBUG_INFO = INCLUDE_SOURCE;
				MTL_FAST_MATH = YES;
				ONLY_ACTIVE_ARCH = YES;
				SDKROOT = macosx;
				SWIFT_ACTIVE_COMPILATION_CONDITIONS = DEBUG;
				SWIFT_OPTIMIZATION_LEVEL = "-Onone";
			};
			name = Debug;
		};
		280141AD2937624200054430 /* Release */ = {
			isa = XCBuildConfiguration;
			buildSettings = {
				ALWAYS_SEARCH_USER_PATHS = NO;
				CLANG_ANALYZER_NONNULL = YES;
				CLANG_ANALYZER_NUMBER_OBJECT_CONVERSION = YES_AGGRESSIVE;
				CLANG_CXX_LANGUAGE_STANDARD = "gnu++17";
				CLANG_CXX_LIBRARY = "libc++";
				CLANG_ENABLE_MODULES = YES;
				CLANG_ENABLE_OBJC_ARC = YES;
				CLANG_ENABLE_OBJC_WEAK = YES;
				CLANG_WARN_BLOCK_CAPTURE_AUTORELEASING = YES;
				CLANG_WARN_BOOL_CONVERSION = YES;
				CLANG_WARN_COMMA = YES;
				CLANG_WARN_CONSTANT_CONVERSION = YES;
				CLANG_WARN_DEPRECATED_OBJC_IMPLEMENTATIONS = YES;
				CLANG_WARN_DIRECT_OBJC_ISA_USAGE = YES_ERROR;
				CLANG_WARN_DOCUMENTATION_COMMENTS = YES;
				CLANG_WARN_EMPTY_BODY = YES;
				CLANG_WARN_ENUM_CONVERSION = YES;
				CLANG_WARN_INFINITE_RECURSION = YES;
				CLANG_WARN_INT_CONVERSION = YES;
				CLANG_WARN_NON_LITERAL_NULL_CONVERSION = YES;
				CLANG_WARN_OBJC_IMPLICIT_RETAIN_SELF = YES;
				CLANG_WARN_OBJC_LITERAL_CONVERSION = YES;
				CLANG_WARN_OBJC_ROOT_CLASS = YES_ERROR;
				CLANG_WARN_QUOTED_INCLUDE_IN_FRAMEWORK_HEADER = YES;
				CLANG_WARN_RANGE_LOOP_ANALYSIS = YES;
				CLANG_WARN_STRICT_PROTOTYPES = YES;
				CLANG_WARN_SUSPICIOUS_MOVE = YES;
				CLANG_WARN_UNGUARDED_AVAILABILITY = YES_AGGRESSIVE;
				CLANG_WARN_UNREACHABLE_CODE = YES;
				CLANG_WARN__DUPLICATE_METHOD_MATCH = YES;
				COPY_PHASE_STRIP = NO;
				DEBUG_INFORMATION_FORMAT = "dwarf-with-dsym";
				ENABLE_NS_ASSERTIONS = NO;
				ENABLE_STRICT_OBJC_MSGSEND = YES;
				GCC_C_LANGUAGE_STANDARD = gnu11;
				GCC_NO_COMMON_BLOCKS = YES;
				GCC_WARN_64_TO_32_BIT_CONVERSION = YES;
				GCC_WARN_ABOUT_RETURN_TYPE = YES_ERROR;
				GCC_WARN_UNDECLARED_SELECTOR = YES;
				GCC_WARN_UNINITIALIZED_AUTOS = YES_AGGRESSIVE;
				GCC_WARN_UNUSED_FUNCTION = YES;
				GCC_WARN_UNUSED_VARIABLE = YES;
				MACOSX_DEPLOYMENT_TARGET = 11.6;
				MTL_ENABLE_DEBUG_INFO = NO;
				MTL_FAST_MATH = YES;
				SDKROOT = macosx;
				SWIFT_COMPILATION_MODE = wholemodule;
				SWIFT_OPTIMIZATION_LEVEL = "-O";
			};
			name = Release;
		};
		280141AF2937624200054430 /* Debug */ = {
			isa = XCBuildConfiguration;
			buildSettings = {
				CODE_SIGN_STYLE = Automatic;
				PRODUCT_NAME = "$(TARGET_NAME)";
				SWIFT_VERSION = 5.0;
			};
			name = Debug;
		};
		280141B02937624200054430 /* Release */ = {
			isa = XCBuildConfiguration;
			buildSettings = {
				CODE_SIGN_STYLE = Automatic;
				PRODUCT_NAME = "$(TARGET_NAME)";
				SWIFT_VERSION = 5.0;
			};
			name = Release;
		};
		280141BA293762BC00054430 /* Debug */ = {
			isa = XCBuildConfiguration;
			buildSettings = {
				CLANG_ENABLE_MODULES = YES;
				CODE_SIGN_STYLE = Automatic;
				CURRENT_PROJECT_VERSION = 1;
				GENERATE_INFOPLIST_FILE = YES;
				LD_RUNPATH_SEARCH_PATHS = (
					"$(inherited)",
					"@executable_path/../Frameworks",
					"@loader_path/../Frameworks",
				);
				MARKETING_VERSION = 1.0;
				PRODUCT_BUNDLE_IDENTIFIER = com.AlexPerkins.TamagotchiTest;
				PRODUCT_NAME = "$(TARGET_NAME)";
				SWIFT_EMIT_LOC_STRINGS = NO;
				SWIFT_OPTIMIZATION_LEVEL = "-Onone";
				SWIFT_VERSION = 5.0;
			};
			name = Debug;
		};
		280141BB293762BC00054430 /* Release */ = {
			isa = XCBuildConfiguration;
			buildSettings = {
				CLANG_ENABLE_MODULES = YES;
				CODE_SIGN_STYLE = Automatic;
				CURRENT_PROJECT_VERSION = 1;
				GENERATE_INFOPLIST_FILE = YES;
				LD_RUNPATH_SEARCH_PATHS = (
					"$(inherited)",
					"@executable_path/../Frameworks",
					"@loader_path/../Frameworks",
				);
				MARKETING_VERSION = 1.0;
				PRODUCT_BUNDLE_IDENTIFIER = com.AlexPerkins.TamagotchiTest;
				PRODUCT_NAME = "$(TARGET_NAME)";
				SWIFT_EMIT_LOC_STRINGS = NO;
				SWIFT_VERSION = 5.0;
			};
			name = Release;
		};
		280141C52937633000054430 /* Debug */ = {
			isa = XCBuildConfiguration;
			buildSettings = {
				CODE_SIGN_STYLE = Automatic;
				CURRENT_PROJECT_VERSION = 1;
				GENERATE_INFOPLIST_FILE = YES;
				MARKETING_VERSION = 1.0;
				PRODUCT_BUNDLE_IDENTIFIER = com.AlexPerkins.TamagotchiConsoleAppTests;
				PRODUCT_NAME = "$(TARGET_NAME)";
				SWIFT_EMIT_LOC_STRINGS = NO;
				SWIFT_VERSION = 5.0;
			};
			name = Debug;
		};
		280141C62937633000054430 /* Release */ = {
			isa = XCBuildConfiguration;
			buildSettings = {
				CODE_SIGN_STYLE = Automatic;
				CURRENT_PROJECT_VERSION = 1;
				GENERATE_INFOPLIST_FILE = YES;
				MARKETING_VERSION = 1.0;
				PRODUCT_BUNDLE_IDENTIFIER = com.AlexPerkins.TamagotchiConsoleAppTests;
				PRODUCT_NAME = "$(TARGET_NAME)";
				SWIFT_EMIT_LOC_STRINGS = NO;
				SWIFT_VERSION = 5.0;
			};
			name = Release;
		};
/* End XCBuildConfiguration section */

/* Begin XCConfigurationList section */
		280141A22937624200054430 /* Build configuration list for PBXProject "TamagotchiConsoleApp" */ = {
			isa = XCConfigurationList;
			buildConfigurations = (
				280141AC2937624200054430 /* Debug */,
				280141AD2937624200054430 /* Release */,
			);
			defaultConfigurationIsVisible = 0;
			defaultConfigurationName = Release;
		};
		280141AE2937624200054430 /* Build configuration list for PBXNativeTarget "TamagotchiConsoleApp" */ = {
			isa = XCConfigurationList;
			buildConfigurations = (
				280141AF2937624200054430 /* Debug */,
				280141B02937624200054430 /* Release */,
			);
			defaultConfigurationIsVisible = 0;
			defaultConfigurationName = Release;
		};
		280141B9293762BC00054430 /* Build configuration list for PBXNativeTarget "TamagotchiTest" */ = {
			isa = XCConfigurationList;
			buildConfigurations = (
				280141BA293762BC00054430 /* Debug */,
				280141BB293762BC00054430 /* Release */,
			);
			defaultConfigurationIsVisible = 0;
			defaultConfigurationName = Release;
		};
		280141C42937633000054430 /* Build configuration list for PBXNativeTarget "TamagotchiConsoleAppTests" */ = {
			isa = XCConfigurationList;
			buildConfigurations = (
				280141C52937633000054430 /* Debug */,
				280141C62937633000054430 /* Release */,
			);
			defaultConfigurationIsVisible = 0;
			defaultConfigurationName = Release;
		};
/* End XCConfigurationList section */
	};
	rootObject = 2801419F2937624200054430 /* Project object */;
}
